// !$*UTF8*$!
{
	archiveVersion = 1;
	classes = {
	};
	objectVersion = 46;
	objects = {

/* Begin PBXBuildFile section */
		5F87370A1A8F0CC0000CADF4 /* main.m in Sources */ = {isa = PBXBuildFile; fileRef = 5F8737091A8F0CC0000CADF4 /* main.m */; };
		5F87370D1A8F0CC0000CADF4 /* AppDelegate.m in Sources */ = {isa = PBXBuildFile; fileRef = 5F87370C1A8F0CC0000CADF4 /* AppDelegate.m */; };
		5F8737131A8F0CC0000CADF4 /* Main.storyboard in Resources */ = {isa = PBXBuildFile; fileRef = 5F8737111A8F0CC0000CADF4 /* Main.storyboard */; };
		5F8737151A8F0CC0000CADF4 /* Images.xcassets in Resources */ = {isa = PBXBuildFile; fileRef = 5F8737141A8F0CC0000CADF4 /* Images.xcassets */; };
		5F8737181A8F0CC0000CADF4 /* LaunchScreen.xib in Resources */ = {isa = PBXBuildFile; fileRef = 5F8737161A8F0CC0000CADF4 /* LaunchScreen.xib */; };
		5F8737241A8F0CC1000CADF4 /* KYCellAnimationTests.m in Sources */ = {isa = PBXBuildFile; fileRef = 5F8737231A8F0CC1000CADF4 /* KYCellAnimationTests.m */; };
		5F87372F1A8F0D0A000CADF4 /* TableViewController.m in Sources */ = {isa = PBXBuildFile; fileRef = 5F87372E1A8F0D0A000CADF4 /* TableViewController.m */; };
/* End PBXBuildFile section */

/* Begin PBXContainerItemProxy section */
		5F87371E1A8F0CC1000CADF4 /* PBXContainerItemProxy */ = {
			isa = PBXContainerItemProxy;
			containerPortal = 5F8736FC1A8F0CC0000CADF4 /* Project object */;
			proxyType = 1;
			remoteGlobalIDString = 5F8737031A8F0CC0000CADF4;
			remoteInfo = KYCellAnimation;
		};
/* End PBXContainerItemProxy section */

/* Begin PBXFileReference section */
		5F8737041A8F0CC0000CADF4 /* KYCellAnimation.app */ = {isa = PBXFileReference; explicitFileType = wrapper.application; includeInIndex = 0; path = KYCellAnimation.app; sourceTree = BUILT_PRODUCTS_DIR; };
		5F8737081A8F0CC0000CADF4 /* Info.plist */ = {isa = PBXFileReference; lastKnownFileType = text.plist.xml; path = Info.plist; sourceTree = "<group>"; };
		5F8737091A8F0CC0000CADF4 /* main.m */ = {isa = PBXFileReference; lastKnownFileType = sourcecode.c.objc; path = main.m; sourceTree = "<group>"; };
		5F87370B1A8F0CC0000CADF4 /* AppDelegate.h */ = {isa = PBXFileReference; lastKnownFileType = sourcecode.c.h; path = AppDelegate.h; sourceTree = "<group>"; };
		5F87370C1A8F0CC0000CADF4 /* AppDelegate.m */ = {isa = PBXFileReference; lastKnownFileType = sourcecode.c.objc; path = AppDelegate.m; sourceTree = "<group>"; };
		5F8737121A8F0CC0000CADF4 /* Base */ = {isa = PBXFileReference; lastKnownFileType = file.storyboard; name = Base; path = Base.lproj/Main.storyboard; sourceTree = "<group>"; };
		5F8737141A8F0CC0000CADF4 /* Images.xcassets */ = {isa = PBXFileReference; lastKnownFileType = folder.assetcatalog; path = Images.xcassets; sourceTree = "<group>"; };
		5F8737171A8F0CC0000CADF4 /* Base */ = {isa = PBXFileReference; lastKnownFileType = file.xib; name = Base; path = Base.lproj/LaunchScreen.xib; sourceTree = "<group>"; };
		5F87371D1A8F0CC1000CADF4 /* KYCellAnimationTests.xctest */ = {isa = PBXFileReference; explicitFileType = wrapper.cfbundle; includeInIndex = 0; path = KYCellAnimationTests.xctest; sourceTree = BUILT_PRODUCTS_DIR; };
		5F8737221A8F0CC1000CADF4 /* Info.plist */ = {isa = PBXFileReference; lastKnownFileType = text.plist.xml; path = Info.plist; sourceTree = "<group>"; };
		5F8737231A8F0CC1000CADF4 /* KYCellAnimationTests.m */ = {isa = PBXFileReference; lastKnownFileType = sourcecode.c.objc; path = KYCellAnimationTests.m; sourceTree = "<group>"; };
		5F87372D1A8F0D0A000CADF4 /* TableViewController.h */ = {isa = PBXFileReference; fileEncoding = 4; lastKnownFileType = sourcecode.c.h; name = TableViewController.h; path = ../TableViewController.h; sourceTree = "<group>"; };
		5F87372E1A8F0D0A000CADF4 /* TableViewController.m */ = {isa = PBXFileReference; fileEncoding = 4; lastKnownFileType = sourcecode.c.objc; name = TableViewController.m; path = ../TableViewController.m; sourceTree = "<group>"; };
/* End PBXFileReference section */

/* Begin PBXFrameworksBuildPhase section */
		5F8737011A8F0CC0000CADF4 /* Frameworks */ = {
			isa = PBXFrameworksBuildPhase;
			buildActionMask = 2147483647;
			files = (
			);
			runOnlyForDeploymentPostprocessing = 0;
		};
		5F87371A1A8F0CC1000CADF4 /* Frameworks */ = {
			isa = PBXFrameworksBuildPhase;
			buildActionMask = 2147483647;
			files = (
			);
			runOnlyForDeploymentPostprocessing = 0;
		};
/* End PBXFrameworksBuildPhase section */

/* Begin PBXGroup section */
		5F8736FB1A8F0CC0000CADF4 = {
			isa = PBXGroup;
			children = (
				5F8737061A8F0CC0000CADF4 /* KYCellAnimation */,
				5F8737201A8F0CC1000CADF4 /* KYCellAnimationTests */,
				5F8737051A8F0CC0000CADF4 /* Products */,
			);
			sourceTree = "<group>";
		};
		5F8737051A8F0CC0000CADF4 /* Products */ = {
			isa = PBXGroup;
			children = (
				5F8737041A8F0CC0000CADF4 /* KYCellAnimation.app */,
				5F87371D1A8F0CC1000CADF4 /* KYCellAnimationTests.xctest */,
			);
			name = Products;
			sourceTree = "<group>";
		};
		5F8737061A8F0CC0000CADF4 /* KYCellAnimation */ = {
			isa = PBXGroup;
			children = (
				5F87370B1A8F0CC0000CADF4 /* AppDelegate.h */,
				5F87370C1A8F0CC0000CADF4 /* AppDelegate.m */,
				5F87372D1A8F0D0A000CADF4 /* TableViewController.h */,
				5F87372E1A8F0D0A000CADF4 /* TableViewController.m */,
				5F8737111A8F0CC0000CADF4 /* Main.storyboard */,
				5F8737141A8F0CC0000CADF4 /* Images.xcassets */,
				5F8737161A8F0CC0000CADF4 /* LaunchScreen.xib */,
				5F8737071A8F0CC0000CADF4 /* Supporting Files */,
			);
			path = KYCellAnimation;
			sourceTree = "<group>";
		};
		5F8737071A8F0CC0000CADF4 /* Supporting Files */ = {
			isa = PBXGroup;
			children = (
				5F8737081A8F0CC0000CADF4 /* Info.plist */,
				5F8737091A8F0CC0000CADF4 /* main.m */,
			);
			name = "Supporting Files";
			sourceTree = "<group>";
		};
		5F8737201A8F0CC1000CADF4 /* KYCellAnimationTests */ = {
			isa = PBXGroup;
			children = (
				5F8737231A8F0CC1000CADF4 /* KYCellAnimationTests.m */,
				5F8737211A8F0CC1000CADF4 /* Supporting Files */,
			);
			path = KYCellAnimationTests;
			sourceTree = "<group>";
		};
		5F8737211A8F0CC1000CADF4 /* Supporting Files */ = {
			isa = PBXGroup;
			children = (
				5F8737221A8F0CC1000CADF4 /* Info.plist */,
			);
			name = "Supporting Files";
			sourceTree = "<group>";
		};
/* End PBXGroup section */

/* Begin PBXNativeTarget section */
		5F8737031A8F0CC0000CADF4 /* KYCellAnimation */ = {
			isa = PBXNativeTarget;
			buildConfigurationList = 5F8737271A8F0CC1000CADF4 /* Build configuration list for PBXNativeTarget "KYCellAnimation" */;
			buildPhases = (
				5F8737001A8F0CC0000CADF4 /* Sources */,
				5F8737011A8F0CC0000CADF4 /* Frameworks */,
				5F8737021A8F0CC0000CADF4 /* Resources */,
			);
			buildRules = (
			);
			dependencies = (
			);
			name = KYCellAnimation;
			productName = KYCellAnimation;
			productReference = 5F8737041A8F0CC0000CADF4 /* KYCellAnimation.app */;
			productType = "com.apple.product-type.application";
		};
		5F87371C1A8F0CC1000CADF4 /* KYCellAnimationTests */ = {
			isa = PBXNativeTarget;
			buildConfigurationList = 5F87372A1A8F0CC1000CADF4 /* Build configuration list for PBXNativeTarget "KYCellAnimationTests" */;
			buildPhases = (
				5F8737191A8F0CC1000CADF4 /* Sources */,
				5F87371A1A8F0CC1000CADF4 /* Frameworks */,
				5F87371B1A8F0CC1000CADF4 /* Resources */,
			);
			buildRules = (
			);
			dependencies = (
				5F87371F1A8F0CC1000CADF4 /* PBXTargetDependency */,
			);
			name = KYCellAnimationTests;
			productName = KYCellAnimationTests;
			productReference = 5F87371D1A8F0CC1000CADF4 /* KYCellAnimationTests.xctest */;
			productType = "com.apple.product-type.bundle.unit-test";
		};
/* End PBXNativeTarget section */

/* Begin PBXProject section */
		5F8736FC1A8F0CC0000CADF4 /* Project object */ = {
			isa = PBXProject;
			attributes = {
				LastUpgradeCheck = 0610;
				ORGANIZATIONNAME = "Kitten Yang";
				TargetAttributes = {
					5F8737031A8F0CC0000CADF4 = {
						CreatedOnToolsVersion = 6.1.1;
					};
					5F87371C1A8F0CC1000CADF4 = {
						CreatedOnToolsVersion = 6.1.1;
						TestTargetID = 5F8737031A8F0CC0000CADF4;
					};
				};
			};
			buildConfigurationList = 5F8736FF1A8F0CC0000CADF4 /* Build configuration list for PBXProject "KYCellAnimation" */;
			compatibilityVersion = "Xcode 3.2";
			developmentRegion = English;
			hasScannedForEncodings = 0;
			knownRegions = (
				en,
				Base,
			);
			mainGroup = 5F8736FB1A8F0CC0000CADF4;
			productRefGroup = 5F8737051A8F0CC0000CADF4 /* Products */;
			projectDirPath = "";
			projectRoot = "";
			targets = (
				5F8737031A8F0CC0000CADF4 /* KYCellAnimation */,
				5F87371C1A8F0CC1000CADF4 /* KYCellAnimationTests */,
			);
		};
/* End PBXProject section */

/* Begin PBXResourcesBuildPhase section */
		5F8737021A8F0CC0000CADF4 /* Resources */ = {
			isa = PBXResourcesBuildPhase;
			buildActionMask = 2147483647;
			files = (
				5F8737131A8F0CC0000CADF4 /* Main.storyboard in Resources */,
				5F8737181A8F0CC0000CADF4 /* LaunchScreen.xib in Resources */,
				5F8737151A8F0CC0000CADF4 /* Images.xcassets in Resources */,
			);
			runOnlyForDeploymentPostprocessing = 0;
		};
		5F87371B1A8F0CC1000CADF4 /* Resources */ = {
			isa = PBXResourcesBuildPhase;
			buildActionMask = 2147483647;
			files = (
			);
			runOnlyForDeploymentPostprocessing = 0;
		};
/* End PBXResourcesBuildPhase section */

/* Begin PBXSourcesBuildPhase section */
		5F8737001A8F0CC0000CADF4 /* Sources */ = {
			isa = PBXSourcesBuildPhase;
			buildActionMask = 2147483647;
			files = (
				5F87370D1A8F0CC0000CADF4 /* AppDelegate.m in Sources */,
				5F87372F1A8F0D0A000CADF4 /* TableViewController.m in Sources */,
				5F87370A1A8F0CC0000CADF4 /* main.m in Sources */,
			);
			runOnlyForDeploymentPostprocessing = 0;
		};
		5F8737191A8F0CC1000CADF4 /* Sources */ = {
			isa = PBXSourcesBuildPhase;
			buildActionMask = 2147483647;
			files = (
				5F8737241A8F0CC1000CADF4 /* KYCellAnimationTests.m in Sources */,
			);
			runOnlyForDeploymentPostprocessing = 0;
		};
/* End PBXSourcesBuildPhase section */

/* Begin PBXTargetDependency section */
		5F87371F1A8F0CC1000CADF4 /* PBXTargetDependency */ = {
			isa = PBXTargetDependency;
			target = 5F8737031A8F0CC0000CADF4 /* KYCellAnimation */;
			targetProxy = 5F87371E1A8F0CC1000CADF4 /* PBXContainerItemProxy */;
		};
/* End PBXTargetDependency section */

/* Begin PBXVariantGroup section */
		5F8737111A8F0CC0000CADF4 /* Main.storyboard */ = {
			isa = PBXVariantGroup;
			children = (
				5F8737121A8F0CC0000CADF4 /* Base */,
			);
			name = Main.storyboard;
			sourceTree = "<group>";
		};
		5F8737161A8F0CC0000CADF4 /* LaunchScreen.xib */ = {
			isa = PBXVariantGroup;
			children = (
				5F8737171A8F0CC0000CADF4 /* Base */,
			);
			name = LaunchScreen.xib;
			sourceTree = "<group>";
		};
/* End PBXVariantGroup section */

/* Begin XCBuildConfiguration section */
		5F8737251A8F0CC1000CADF4 /* Debug */ = {
			isa = XCBuildConfiguration;
			buildSettings = {
				ALWAYS_SEARCH_USER_PATHS = NO;
				CLANG_CXX_LANGUAGE_STANDARD = "gnu++0x";
				CLANG_CXX_LIBRARY = "libc++";
				CLANG_ENABLE_MODULES = YES;
				CLANG_ENABLE_OBJC_ARC = YES;
				CLANG_WARN_BOOL_CONVERSION = YES;
				CLANG_WARN_CONSTANT_CONVERSION = YES;
				CLANG_WARN_DIRECT_OBJC_ISA_USAGE = YES_ERROR;
				CLANG_WARN_EMPTY_BODY = YES;
				CLANG_WARN_ENUM_CONVERSION = YES;
				CLANG_WARN_INT_CONVERSION = YES;
				CLANG_WARN_OBJC_ROOT_CLASS = YES_ERROR;
				CLANG_WARN_UNREACHABLE_CODE = YES;
				CLANG_WARN__DUPLICATE_METHOD_MATCH = YES;
				"CODE_SIGN_IDENTITY[sdk=iphoneos*]" = "iPhone Developer";
				COPY_PHASE_STRIP = NO;
				ENABLE_STRICT_OBJC_MSGSEND = YES;
				GCC_C_LANGUAGE_STANDARD = gnu99;
				GCC_DYNAMIC_NO_PIC = NO;
				GCC_OPTIMIZATION_LEVEL = 0;
				GCC_PREPROCESSOR_DEFINITIONS = (
					"DEBUG=1",
					"$(inherited)",
				);
				GCC_SYMBOLS_PRIVATE_EXTERN = NO;
				GCC_WARN_64_TO_32_BIT_CONVERSION = YES;
				GCC_WARN_ABOUT_RETURN_TYPE = YES_ERROR;
				GCC_WARN_UNDECLARED_SELECTOR = YES;
				GCC_WARN_UNINITIALIZED_AUTOS = YES_AGGRESSIVE;
				GCC_WARN_UNUSED_FUNCTION = YES;
				GCC_WARN_UNUSED_VARIABLE = YES;
				IPHONEOS_DEPLOYMENT_TARGET = 8.1;
				MTL_ENABLE_DEBUG_INFO = YES;
				ONLY_ACTIVE_ARCH = YES;
				SDKROOT = iphoneos;
			};
			name = Debug;
		};
		5F8737261A8F0CC1000CADF4 /* Release */ = {
			isa = XCBuildConfiguration;
			buildSettings = {
				ALWAYS_SEARCH_USER_PATHS = NO;
				CLANG_CXX_LANGUAGE_STANDARD = "gnu++0x";
				CLANG_CXX_LIBRARY = "libc++";
				CLANG_ENABLE_MODULES = YES;
				CLANG_ENABLE_OBJC_ARC = YES;
				CLANG_WARN_BOOL_CONVERSION = YES;
				CLANG_WARN_CONSTANT_CONVERSION = YES;
				CLANG_WARN_DIRECT_OBJC_ISA_USAGE = YES_ERROR;
				CLANG_WARN_EMPTY_BODY = YES;
				CLANG_WARN_ENUM_CONVERSION = YES;
				CLANG_WARN_INT_CONVERSION = YES;
				CLANG_WARN_OBJC_ROOT_CLASS = YES_ERROR;
				CLANG_WARN_UNREACHABLE_CODE = YES;
				CLANG_WARN__DUPLICATE_METHOD_MATCH = YES;
				"CODE_SIGN_IDENTITY[sdk=iphoneos*]" = "iPhone Developer";
				COPY_PHASE_STRIP = YES;
				ENABLE_NS_ASSERTIONS = NO;
				ENABLE_STRICT_OBJC_MSGSEND = YES;
				GCC_C_LANGUAGE_STANDARD = gnu99;
				GCC_WARN_64_TO_32_BIT_CONVERSION = YES;
				GCC_WARN_ABOUT_RETURN_TYPE = YES_ERROR;
				GCC_WARN_UNDECLARED_SELECTOR = YES;
				GCC_WARN_UNINITIALIZED_AUTOS = YES_AGGRESSIVE;
				GCC_WARN_UNUSED_FUNCTION = YES;
				GCC_WARN_UNUSED_VARIABLE = YES;
				IPHONEOS_DEPLOYMENT_TARGET = 8.1;
				MTL_ENABLE_DEBUG_INFO = NO;
				SDKROOT = iphoneos;
				VALIDATE_PRODUCT = YES;
			};
			name = Release;
		};
		5F8737281A8F0CC1000CADF4 /* Debug */ = {
			isa = XCBuildConfiguration;
			buildSettings = {
				ASSETCATALOG_COMPILER_APPICON_NAME = AppIcon;
				CODE_SIGN_IDENTITY = "iPhone Developer: Xinyu Li (XWYND9KE57)";
				INFOPLIST_FILE = KYCellAnimation/Info.plist;
				LD_RUNPATH_SEARCH_PATHS = "$(inherited) @executable_path/Frameworks";
				PRODUCT_NAME = "$(TARGET_NAME)";
			};
			name = Debug;
		};
		5F8737291A8F0CC1000CADF4 /* Release */ = {
			isa = XCBuildConfiguration;
			buildSettings = {
				ASSETCATALOG_COMPILER_APPICON_NAME = AppIcon;
				INFOPLIST_FILE = KYCellAnimation/Info.plist;
				LD_RUNPATH_SEARCH_PATHS = "$(inherited) @executable_path/Frameworks";
				PRODUCT_NAME = "$(TARGET_NAME)";
			};
			name = Release;
		};
		5F87372B1A8F0CC1000CADF4 /* Debug */ = {
			isa = XCBuildConfiguration;
			buildSettings = {
				BUNDLE_LOADER = "$(TEST_HOST)";
				FRAMEWORK_SEARCH_PATHS = (
					"$(SDKROOT)/Developer/Library/Frameworks",
					"$(inherited)",
				);
				GCC_PREPROCESSOR_DEFINITIONS = (
					"DEBUG=1",
					"$(inherited)",
				);
				INFOPLIST_FILE = KYCellAnimationTests/Info.plist;
				LD_RUNPATH_SEARCH_PATHS = "$(inherited) @executable_path/Frameworks @loader_path/Frameworks";
				PRODUCT_NAME = "$(TARGET_NAME)";
				TEST_HOST = "$(BUILT_PRODUCTS_DIR)/KYCellAnimation.app/KYCellAnimation";
			};
			name = Debug;
		};
		5F87372C1A8F0CC1000CADF4 /* Release */ = {
			isa = XCBuildConfiguration;
			buildSettings = {
				BUNDLE_LOADER = "$(TEST_HOST)";
				FRAMEWORK_SEARCH_PATHS = (
					"$(SDKROOT)/Developer/Library/Frameworks",
					"$(inherited)",
				);
				INFOPLIST_FILE = KYCellAnimationTests/Info.plist;
				LD_RUNPATH_SEARCH_PATHS = "$(inherited) @executable_path/Frameworks @loader_path/Frameworks";
				PRODUCT_NAME = "$(TARGET_NAME)";
				TEST_HOST = "$(BUILT_PRODUCTS_DIR)/KYCellAnimation.app/KYCellAnimation";
			};
			name = Release;
		};
/* End XCBuildConfiguration section */

/* Begin XCConfigurationList section */
		5F8736FF1A8F0CC0000CADF4 /* Build configuration list for PBXProject "KYCellAnimation" */ = {
			isa = XCConfigurationList;
			buildConfigurations = (
				5F8737251A8F0CC1000CADF4 /* Debug */,
				5F8737261A8F0CC1000CADF4 /* Release */,
			);
			defaultConfigurationIsVisible = 0;
			defaultConfigurationName = Release;
		};
		5F8737271A8F0CC1000CADF4 /* Build configuration list for PBXNativeTarget "KYCellAnimation" */ = {
			isa = XCConfigurationList;
			buildConfigurations = (
				5F8737281A8F0CC1000CADF4 /* Debug */,
				5F8737291A8F0CC1000CADF4 /* Release */,
			);
			defaultConfigurationIsVisible = 0;
		};
		5F87372A1A8F0CC1000CADF4 /* Build configuration list for PBXNativeTarget "KYCellAnimationTests" */ = {
			isa = XCConfigurationList;
			buildConfigurations = (
				5F87372B1A8F0CC1000CADF4 /* Debug */,
				5F87372C1A8F0CC1000CADF4 /* Release */,
			);
			defaultConfigurationIsVisible = 0;
		};
/* End XCConfigurationList section */
	};
	rootObject = 5F8736FC1A8F0CC0000CADF4 /* Project object */;
}
